
Microsoft Visual Studio Solution File, Format Version 12.00
# Visual Studio Version 16
VisualStudioVersion = 16.0.31205.134
MinimumVisualStudioVersion = 10.0.40219.1
Project("{FAE04EC0-301F-11D3-BF4B-00C04F79EFBC}") = "ETS_PointofSales", "ETS_PointofSales.csproj", "{19D5E05D-5157-4A01-92F5-22A7D7C1EAB1}"
EndProject
Global
	GlobalSection(SolutionConfigurationPlatforms) = preSolution
		Debug|Any CPU = Debug|Any CPU
		Release|Any CPU = Release|Any CPU
	EndGlobalSection
	GlobalSection(ProjectConfigurationPlatforms) = postSolution
		{19D5E05D-5157-4A01-92F5-22A7D7C1EAB1}.Debug|Any CPU.ActiveCfg = Debug|Any CPU
		{19D5E05D-5157-4A01-92F5-22A7D7C1EAB1}.Debug|Any CPU.Build.0 = Debug|Any CPU
		{19D5E05D-5157-4A01-92F5-22A7D7C1EAB1}.Release|Any CPU.ActiveCfg = Release|Any CPU
		{19D5E05D-5157-4A01-92F5-22A7D7C1EAB1}.Release|Any CPU.Build.0 = Release|Any CPU
	EndGlobalSection
	GlobalSection(SolutionProperties) = preSolution
		HideSolutionNode = FALSE
	EndGlobalSection
	GlobalSection(ExtensibilityGlobals) = postSolution
		SolutionGuid = {50E3097C-B861-49BF-AD4F-7984DD3F3805}
	EndGlobalSection
EndGlobal
